
Microsoft Visual Studio Solution File, Format Version 12.00
# Visual Studio Version 16
VisualStudioVersion = 16.0.30503.244
MinimumVisualStudioVersion = 10.0.40219.1
Project("{FAE04EC0-301F-11D3-BF4B-00C04F79EFBC}") = "SchoolProj", "SchoolProj\SchoolProj.csproj", "{EC8B0429-4CF1-408C-AB72-729328EBBD4C}"
EndProject
Project("{FAE04EC0-301F-11D3-BF4B-00C04F79EFBC}") = "Base", "Base\Base.csproj", "{AB5C7B1B-67C5-4078-9493-D261FF8967FB}"
EndProject
Project("{FAE04EC0-301F-11D3-BF4B-00C04F79EFBC}") = "Structure", "Structure\Structure.csproj", "{321BCF88-AFE8-4120-9F8C-356397E9A2F4}"
EndProject
Global
	GlobalSection(SolutionConfigurationPlatforms) = preSolution
		Debug|Any CPU = Debug|Any CPU
		Release|Any CPU = Release|Any CPU
	EndGlobalSection
	GlobalSection(ProjectConfigurationPlatforms) = postSolution
		{EC8B0429-4CF1-408C-AB72-729328EBBD4C}.Debug|Any CPU.ActiveCfg = Debug|Any CPU
		{EC8B0429-4CF1-408C-AB72-729328EBBD4C}.Debug|Any CPU.Build.0 = Debug|Any CPU
		{EC8B0429-4CF1-408C-AB72-729328EBBD4C}.Release|Any CPU.ActiveCfg = Release|Any CPU
		{EC8B0429-4CF1-408C-AB72-729328EBBD4C}.Release|Any CPU.Build.0 = Release|Any CPU
		{AB5C7B1B-67C5-4078-9493-D261FF8967FB}.Debug|Any CPU.ActiveCfg = Debug|Any CPU
		{AB5C7B1B-67C5-4078-9493-D261FF8967FB}.Debug|Any CPU.Build.0 = Debug|Any CPU
		{AB5C7B1B-67C5-4078-9493-D261FF8967FB}.Release|Any CPU.ActiveCfg = Release|Any CPU
		{AB5C7B1B-67C5-4078-9493-D261FF8967FB}.Release|Any CPU.Build.0 = Release|Any CPU
		{321BCF88-AFE8-4120-9F8C-356397E9A2F4}.Debug|Any CPU.ActiveCfg = Debug|Any CPU
		{321BCF88-AFE8-4120-9F8C-356397E9A2F4}.Debug|Any CPU.Build.0 = Debug|Any CPU
		{321BCF88-AFE8-4120-9F8C-356397E9A2F4}.Release|Any CPU.ActiveCfg = Release|Any CPU
		{321BCF88-AFE8-4120-9F8C-356397E9A2F4}.Release|Any CPU.Build.0 = Release|Any CPU
	EndGlobalSection
	GlobalSection(SolutionProperties) = preSolution
		HideSolutionNode = FALSE
	EndGlobalSection
	GlobalSection(ExtensibilityGlobals) = postSolution
		SolutionGuid = {B4BE3620-019B-4D72-BB48-F400D4D916C0}
	EndGlobalSection
EndGlobal
